
Microsoft Visual Studio Solution File, Format Version 12.00
# Visual Studio Version 17
VisualStudioVersion = 17.0.31903.59
MinimumVisualStudioVersion = 10.0.40219.1
Project("{FAE04EC0-301F-11D3-BF4B-00C04F79EFBC}") = "PlasticRoom.Api", "PlasticRoom.Api\PlasticRoom.Api.csproj", "{78297C6D-8874-4D76-A98C-B4CEB5972D73}"
EndProject
Project("{FAE04EC0-301F-11D3-BF4B-00C04F79EFBC}") = "PlasticRoom.Api.Tests", "PlasticRoom.Api.Tests\PlasticRoom.Api.Tests.csproj", "{8E46DE67-147F-47D0-AAE0-900DECD2D2FC}"
EndProject
Global
	GlobalSection(SolutionConfigurationPlatforms) = preSolution
		Debug|Any CPU = Debug|Any CPU
		Debug|x64 = Debug|x64
		Debug|x86 = Debug|x86
		Release|Any CPU = Release|Any CPU
		Release|x64 = Release|x64
		Release|x86 = Release|x86
	EndGlobalSection
	GlobalSection(ProjectConfigurationPlatforms) = postSolution
		{78297C6D-8874-4D76-A98C-B4CEB5972D73}.Debug|Any CPU.ActiveCfg = Debug|Any CPU
		{78297C6D-8874-4D76-A98C-B4CEB5972D73}.Debug|Any CPU.Build.0 = Debug|Any CPU
		{78297C6D-8874-4D76-A98C-B4CEB5972D73}.Debug|x64.ActiveCfg = Debug|Any CPU
		{78297C6D-8874-4D76-A98C-B4CEB5972D73}.Debug|x64.Build.0 = Debug|Any CPU
		{78297C6D-8874-4D76-A98C-B4CEB5972D73}.Debug|x86.ActiveCfg = Debug|Any CPU
		{78297C6D-8874-4D76-A98C-B4CEB5972D73}.Debug|x86.Build.0 = Debug|Any CPU
		{78297C6D-8874-4D76-A98C-B4CEB5972D73}.Release|Any CPU.ActiveCfg = Release|Any CPU
		{78297C6D-8874-4D76-A98C-B4CEB5972D73}.Release|Any CPU.Build.0 = Release|Any CPU
		{78297C6D-8874-4D76-A98C-B4CEB5972D73}.Release|x64.ActiveCfg = Release|Any CPU
		{78297C6D-8874-4D76-A98C-B4CEB5972D73}.Release|x64.Build.0 = Release|Any CPU
		{78297C6D-8874-4D76-A98C-B4CEB5972D73}.Release|x86.ActiveCfg = Release|Any CPU
		{78297C6D-8874-4D76-A98C-B4CEB5972D73}.Release|x86.Build.0 = Release|Any CPU
		{8E46DE67-147F-47D0-AAE0-900DECD2D2FC}.Debug|Any CPU.ActiveCfg = Debug|Any CPU
		{8E46DE67-147F-47D0-AAE0-900DECD2D2FC}.Debug|Any CPU.Build.0 = Debug|Any CPU
		{8E46DE67-147F-47D0-AAE0-900DECD2D2FC}.Debug|x64.ActiveCfg = Debug|Any CPU
		{8E46DE67-147F-47D0-AAE0-900DECD2D2FC}.Debug|x64.Build.0 = Debug|Any CPU
		{8E46DE67-147F-47D0-AAE0-900DECD2D2FC}.Debug|x86.ActiveCfg = Debug|Any CPU
		{8E46DE67-147F-47D0-AAE0-900DECD2D2FC}.Debug|x86.Build.0 = Debug|Any CPU
		{8E46DE67-147F-47D0-AAE0-900DECD2D2FC}.Release|Any CPU.ActiveCfg = Release|Any CPU
		{8E46DE67-147F-47D0-AAE0-900DECD2D2FC}.Release|Any CPU.Build.0 = Release|Any CPU
		{8E46DE67-147F-47D0-AAE0-900DECD2D2FC}.Release|x64.ActiveCfg = Release|Any CPU
		{8E46DE67-147F-47D0-AAE0-900DECD2D2FC}.Release|x64.Build.0 = Release|Any CPU
		{8E46DE67-147F-47D0-AAE0-900DECD2D2FC}.Release|x86.ActiveCfg = Release|Any CPU
		{8E46DE67-147F-47D0-AAE0-900DECD2D2FC}.Release|x86.Build.0 = Release|Any CPU
	EndGlobalSection
	GlobalSection(SolutionProperties) = preSolution
		HideSolutionNode = FALSE
	EndGlobalSection
EndGlobal
